
Microsoft Visual Studio Solution File, Format Version 12.00
# Visual Studio 15
VisualStudioVersion = 15.0.27130.2020
MinimumVisualStudioVersion = 10.0.40219.1
Project("{FAE04EC0-301F-11D3-BF4B-00C04F79EFBC}") = "AwesomeApp.Android", "AwesomeApp\AwesomeApp.Android\AwesomeApp.Android.csproj", "{92057DFB-90FB-4200-83A6-36FF67BBC2E6}"
EndProject
Project("{FAE04EC0-301F-11D3-BF4B-00C04F79EFBC}") = "AwesomeApp.iOS", "AwesomeApp\AwesomeApp.iOS\AwesomeApp.iOS.csproj", "{D4533C69-249E-4D4D-A877-E36FC5281690}"
EndProject
Project("{FAE04EC0-301F-11D3-BF4B-00C04F79EFBC}") = "AwesomeApp", "AwesomeApp\AwesomeApp\AwesomeApp.csproj", "{6FF0DA81-D610-4EDF-B8AB-E03782A2DBD9}"
EndProject
Global
	GlobalSection(SolutionConfigurationPlatforms) = preSolution
		Ad-Hoc|Any CPU = Ad-Hoc|Any CPU
		Ad-Hoc|iPhone = Ad-Hoc|iPhone
		Ad-Hoc|iPhoneSimulator = Ad-Hoc|iPhoneSimulator
		AppStore|Any CPU = AppStore|Any CPU
		AppStore|iPhone = AppStore|iPhone
		AppStore|iPhoneSimulator = AppStore|iPhoneSimulator
		Debug|Any CPU = Debug|Any CPU
		Debug|iPhone = Debug|iPhone
		Debug|iPhoneSimulator = Debug|iPhoneSimulator
		Release|Any CPU = Release|Any CPU
		Release|iPhone = Release|iPhone
		Release|iPhoneSimulator = Release|iPhoneSimulator
	EndGlobalSection
	GlobalSection(ProjectConfigurationPlatforms) = postSolution
		{92057DFB-90FB-4200-83A6-36FF67BBC2E6}.Ad-Hoc|Any CPU.ActiveCfg = Release|Any CPU
		{92057DFB-90FB-4200-83A6-36FF67BBC2E6}.Ad-Hoc|Any CPU.Build.0 = Release|Any CPU
		{92057DFB-90FB-4200-83A6-36FF67BBC2E6}.Ad-Hoc|Any CPU.Deploy.0 = Release|Any CPU
		{92057DFB-90FB-4200-83A6-36FF67BBC2E6}.Ad-Hoc|iPhone.ActiveCfg = Release|Any CPU
		{92057DFB-90FB-4200-83A6-36FF67BBC2E6}.Ad-Hoc|iPhone.Build.0 = Release|Any CPU
		{92057DFB-90FB-4200-83A6-36FF67BBC2E6}.Ad-Hoc|iPhone.Deploy.0 = Release|Any CPU
		{92057DFB-90FB-4200-83A6-36FF67BBC2E6}.Ad-Hoc|iPhoneSimulator.ActiveCfg = Release|Any CPU
		{92057DFB-90FB-4200-83A6-36FF67BBC2E6}.Ad-Hoc|iPhoneSimulator.Build.0 = Release|Any CPU
		{92057DFB-90FB-4200-83A6-36FF67BBC2E6}.Ad-Hoc|iPhoneSimulator.Deploy.0 = Release|Any CPU
		{92057DFB-90FB-4200-83A6-36FF67BBC2E6}.AppStore|Any CPU.ActiveCfg = Release|Any CPU
		{92057DFB-90FB-4200-83A6-36FF67BBC2E6}.AppStore|Any CPU.Build.0 = Release|Any CPU
		{92057DFB-90FB-4200-83A6-36FF67BBC2E6}.AppStore|Any CPU.Deploy.0 = Release|Any CPU
		{92057DFB-90FB-4200-83A6-36FF67BBC2E6}.AppStore|iPhone.ActiveCfg = Release|Any CPU
		{92057DFB-90FB-4200-83A6-36FF67BBC2E6}.AppStore|iPhone.Build.0 = Release|Any CPU
		{92057DFB-90FB-4200-83A6-36FF67BBC2E6}.AppStore|iPhone.Deploy.0 = Release|Any CPU
		{92057DFB-90FB-4200-83A6-36FF67BBC2E6}.AppStore|iPhoneSimulator.ActiveCfg = Release|Any CPU
		{92057DFB-90FB-4200-83A6-36FF67BBC2E6}.AppStore|iPhoneSimulator.Build.0 = Release|Any CPU
		{92057DFB-90FB-4200-83A6-36FF67BBC2E6}.AppStore|iPhoneSimulator.Deploy.0 = Release|Any CPU
		{92057DFB-90FB-4200-83A6-36FF67BBC2E6}.Debug|Any CPU.ActiveCfg = Debug|Any CPU
		{92057DFB-90FB-4200-83A6-36FF67BBC2E6}.Debug|Any CPU.Build.0 = Debug|Any CPU
		{92057DFB-90FB-4200-83A6-36FF67BBC2E6}.Debug|Any CPU.Deploy.0 = Debug|Any CPU
		{92057DFB-90FB-4200-83A6-36FF67BBC2E6}.Debug|iPhone.ActiveCfg = Debug|Any CPU
		{92057DFB-90FB-4200-83A6-36FF67BBC2E6}.Debug|iPhone.Build.0 = Debug|Any CPU
		{92057DFB-90FB-4200-83A6-36FF67BBC2E6}.Debug|iPhone.Deploy.0 = Debug|Any CPU
		{92057DFB-90FB-4200-83A6-36FF67BBC2E6}.Debug|iPhoneSimulator.ActiveCfg = Debug|Any CPU
		{92057DFB-90FB-4200-83A6-36FF67BBC2E6}.Debug|iPhoneSimulator.Build.0 = Debug|Any CPU
		{92057DFB-90FB-4200-83A6-36FF67BBC2E6}.Debug|iPhoneSimulator.Deploy.0 = Debug|Any CPU
		{92057DFB-90FB-4200-83A6-36FF67BBC2E6}.Release|Any CPU.ActiveCfg = Release|Any CPU
		{92057DFB-90FB-4200-83A6-36FF67BBC2E6}.Release|Any CPU.Build.0 = Release|Any CPU
		{92057DFB-90FB-4200-83A6-36FF67BBC2E6}.Release|Any CPU.Deploy.0 = Release|Any CPU
		{92057DFB-90FB-4200-83A6-36FF67BBC2E6}.Release|iPhone.ActiveCfg = Release|Any CPU
		{92057DFB-90FB-4200-83A6-36FF67BBC2E6}.Release|iPhone.Build.0 = Release|Any CPU
		{92057DFB-90FB-4200-83A6-36FF67BBC2E6}.Release|iPhone.Deploy.0 = Release|Any CPU
		{92057DFB-90FB-4200-83A6-36FF67BBC2E6}.Release|iPhoneSimulator.ActiveCfg = Release|Any CPU
		{92057DFB-90FB-4200-83A6-36FF67BBC2E6}.Release|iPhoneSimulator.Build.0 = Release|Any CPU
		{92057DFB-90FB-4200-83A6-36FF67BBC2E6}.Release|iPhoneSimulator.Deploy.0 = Release|Any CPU
		{D4533C69-249E-4D4D-A877-E36FC5281690}.Ad-Hoc|Any CPU.ActiveCfg = Ad-Hoc|iPhone
		{D4533C69-249E-4D4D-A877-E36FC5281690}.Ad-Hoc|iPhone.ActiveCfg = Ad-Hoc|iPhone
		{D4533C69-249E-4D4D-A877-E36FC5281690}.Ad-Hoc|iPhone.Build.0 = Ad-Hoc|iPhone
		{D4533C69-249E-4D4D-A877-E36FC5281690}.Ad-Hoc|iPhoneSimulator.ActiveCfg = Ad-Hoc|iPhoneSimulator
		{D4533C69-249E-4D4D-A877-E36FC5281690}.Ad-Hoc|iPhoneSimulator.Build.0 = Ad-Hoc|iPhoneSimulator
		{D4533C69-249E-4D4D-A877-E36FC5281690}.AppStore|Any CPU.ActiveCfg = AppStore|iPhone
		{D4533C69-249E-4D4D-A877-E36FC5281690}.AppStore|iPhone.ActiveCfg = AppStore|iPhone
		{D4533C69-249E-4D4D-A877-E36FC5281690}.AppStore|iPhone.Build.0 = AppStore|iPhone
		{D4533C69-249E-4D4D-A877-E36FC5281690}.AppStore|iPhoneSimulator.ActiveCfg = AppStore|iPhoneSimulator
		{D4533C69-249E-4D4D-A877-E36FC5281690}.AppStore|iPhoneSimulator.Build.0 = AppStore|iPhoneSimulator
		{D4533C69-249E-4D4D-A877-E36FC5281690}.Debug|Any CPU.ActiveCfg = Debug|iPhone
		{D4533C69-249E-4D4D-A877-E36FC5281690}.Debug|iPhone.ActiveCfg = Debug|iPhone
		{D4533C69-249E-4D4D-A877-E36FC5281690}.Debug|iPhone.Build.0 = Debug|iPhone
		{D4533C69-249E-4D4D-A877-E36FC5281690}.Debug|iPhoneSimulator.ActiveCfg = Debug|iPhoneSimulator
		{D4533C69-249E-4D4D-A877-E36FC5281690}.Debug|iPhoneSimulator.Build.0 = Debug|iPhoneSimulator
		{D4533C69-249E-4D4D-A877-E36FC5281690}.Release|Any CPU.ActiveCfg = Release|iPhone
		{D4533C69-249E-4D4D-A877-E36FC5281690}.Release|iPhone.ActiveCfg = Release|iPhone
		{D4533C69-249E-4D4D-A877-E36FC5281690}.Release|iPhone.Build.0 = Release|iPhone
		{D4533C69-249E-4D4D-A877-E36FC5281690}.Release|iPhoneSimulator.ActiveCfg = Release|iPhoneSimulator
		{D4533C69-249E-4D4D-A877-E36FC5281690}.Release|iPhoneSimulator.Build.0 = Release|iPhoneSimulator
		{6FF0DA81-D610-4EDF-B8AB-E03782A2DBD9}.Ad-Hoc|Any CPU.ActiveCfg = Release|Any CPU
		{6FF0DA81-D610-4EDF-B8AB-E03782A2DBD9}.Ad-Hoc|Any CPU.Build.0 = Release|Any CPU
		{6FF0DA81-D610-4EDF-B8AB-E03782A2DBD9}.Ad-Hoc|iPhone.ActiveCfg = Release|Any CPU
		{6FF0DA81-D610-4EDF-B8AB-E03782A2DBD9}.Ad-Hoc|iPhone.Build.0 = Release|Any CPU
		{6FF0DA81-D610-4EDF-B8AB-E03782A2DBD9}.Ad-Hoc|iPhoneSimulator.ActiveCfg = Release|Any CPU
		{6FF0DA81-D610-4EDF-B8AB-E03782A2DBD9}.Ad-Hoc|iPhoneSimulator.Build.0 = Release|Any CPU
		{6FF0DA81-D610-4EDF-B8AB-E03782A2DBD9}.AppStore|Any CPU.ActiveCfg = Release|Any CPU
		{6FF0DA81-D610-4EDF-B8AB-E03782A2DBD9}.AppStore|Any CPU.Build.0 = Release|Any CPU
		{6FF0DA81-D610-4EDF-B8AB-E03782A2DBD9}.AppStore|iPhone.ActiveCfg = Release|Any CPU
		{6FF0DA81-D610-4EDF-B8AB-E03782A2DBD9}.AppStore|iPhone.Build.0 = Release|Any CPU
		{6FF0DA81-D610-4EDF-B8AB-E03782A2DBD9}.AppStore|iPhoneSimulator.ActiveCfg = Release|Any CPU
		{6FF0DA81-D610-4EDF-B8AB-E03782A2DBD9}.AppStore|iPhoneSimulator.Build.0 = Release|Any CPU
		{6FF0DA81-D610-4EDF-B8AB-E03782A2DBD9}.Debug|Any CPU.ActiveCfg = Debug|Any CPU
		{6FF0DA81-D610-4EDF-B8AB-E03782A2DBD9}.Debug|Any CPU.Build.0 = Debug|Any CPU
		{6FF0DA81-D610-4EDF-B8AB-E03782A2DBD9}.Debug|iPhone.ActiveCfg = Debug|Any CPU
		{6FF0DA81-D610-4EDF-B8AB-E03782A2DBD9}.Debug|iPhone.Build.0 = Debug|Any CPU
		{6FF0DA81-D610-4EDF-B8AB-E03782A2DBD9}.Debug|iPhoneSimulator.ActiveCfg = Debug|Any CPU
		{6FF0DA81-D610-4EDF-B8AB-E03782A2DBD9}.Debug|iPhoneSimulator.Build.0 = Debug|Any CPU
		{6FF0DA81-D610-4EDF-B8AB-E03782A2DBD9}.Release|Any CPU.ActiveCfg = Release|Any CPU
		{6FF0DA81-D610-4EDF-B8AB-E03782A2DBD9}.Release|Any CPU.Build.0 = Release|Any CPU
		{6FF0DA81-D610-4EDF-B8AB-E03782A2DBD9}.Release|iPhone.ActiveCfg = Release|Any CPU
		{6FF0DA81-D610-4EDF-B8AB-E03782A2DBD9}.Release|iPhone.Build.0 = Release|Any CPU
		{6FF0DA81-D610-4EDF-B8AB-E03782A2DBD9}.Release|iPhoneSimulator.ActiveCfg = Release|Any CPU
		{6FF0DA81-D610-4EDF-B8AB-E03782A2DBD9}.Release|iPhoneSimulator.Build.0 = Release|Any CPU
	EndGlobalSection
	GlobalSection(SolutionProperties) = preSolution
		HideSolutionNode = FALSE
	EndGlobalSection
	GlobalSection(ExtensibilityGlobals) = postSolution
		SolutionGuid = {89CD62A2-886C-4E71-9A59-7D410B71971C}
	EndGlobalSection
EndGlobal
